// !$*UTF8*$!
{
	archiveVersion = 1;
	classes = {
	};
	objectVersion = 50;
	objects = {

/* Begin PBXBuildFile section */
		EF26747C2F7193510012916E /* FlapyBrowtApp.swift in Sources */ = {isa = PBXBuildFile; fileRef = EF26747B2F7193510012916E /* FlapyBrowtApp.swift */; };
		EF26747E2F7193510012916E /* ContentView.swift in Sources */ = {isa = PBXBuildFile; fileRef = EF26747D2F7193510012916E /* ContentView.swift */; };
		EF2674802F7193540012916E /* Assets.xcassets in Resources */ = {isa = PBXBuildFile; fileRef = EF26747F2F7193540012916E /* Assets.xcassets */; };
		EF2674832F7193540012916E /* Preview Assets.xcassets in Resources */ = {isa = PBXBuildFile; fileRef = EF2674822F7193540012916E /* Preview Assets.xcassets */; };
		EF26748F2F7194B70012916E /* ViewModel.swift in Sources */ = {isa = PBXBuildFile; fileRef = EF26748E2F7194B70012916E /* ViewModel.swift */; };
		EF2674932F7194D80012916E /* Browt.swift in Sources */ = {isa = PBXBuildFile; fileRef = EF2674922F7194D80012916E /* Browt.swift */; };
		EF2674992F7198650012916E /* Sprite.swift in Sources */ = {isa = PBXBuildFile; fileRef = EF2674982F7198650012916E /* Sprite.swift */; };
		EF2674A02F719CCC0012916E /* PIPEPAIR.swift in Sources */ = {isa = PBXBuildFile; fileRef = EF26749F2F719CCC0012916E /* PIPEPAIR.swift */; };
		EF2674A42F719EB60012916E /* GameScene.swift in Sources */ = {isa = PBXBuildFile; fileRef = EF2674A32F719EB60012916E /* GameScene.swift */; };
/* End PBXBuildFile section */

/* Begin PBXFileReference section */
		EF2674782F7193510012916E /* FlapyBrowt.app */ = {isa = PBXFileReference; explicitFileType = wrapper.application; includeInIndex = 0; path = FlapyBrowt.app; sourceTree = BUILT_PRODUCTS_DIR; };
		EF26747B2F7193510012916E /* FlapyBrowtApp.swift */ = {isa = PBXFileReference; lastKnownFileType = sourcecode.swift; path = FlapyBrowtApp.swift; sourceTree = "<group>"; };
		EF26747D2F7193510012916E /* ContentView.swift */ = {isa = PBXFileReference; lastKnownFileType = sourcecode.swift; path = ContentView.swift; sourceTree = "<group>"; };
		EF26747F2F7193540012916E /* Assets.xcassets */ = {isa = PBXFileReference; lastKnownFileType = folder.assetcatalog; path = Assets.xcassets; sourceTree = "<group>"; };
		EF2674822F7193540012916E /* Preview Assets.xcassets */ = {isa = PBXFileReference; lastKnownFileType = folder.assetcatalog; path = "Preview Assets.xcassets"; sourceTree = "<group>"; };
		EF2674842F7193540012916E /* Info.plist */ = {isa = PBXFileReference; lastKnownFileType = text.plist.xml; path = Info.plist; sourceTree = "<group>"; };
		EF26748E2F7194B70012916E /* ViewModel.swift */ = {isa = PBXFileReference; lastKnownFileType = sourcecode.swift; path = ViewModel.swift; sourceTree = "<group>"; };
		EF2674922F7194D80012916E /* Browt.swift */ = {isa = PBXFileReference; lastKnownFileType = sourcecode.swift; path = Browt.swift; sourceTree = "<group>"; };
		EF2674982F7198650012916E /* Sprite.swift */ = {isa = PBXFileReference; lastKnownFileType = sourcecode.swift; path = Sprite.swift; sourceTree = "<group>"; };
		EF26749F2F719CCC0012916E /* PIPEPAIR.swift */ = {isa = PBXFileReference; lastKnownFileType = sourcecode.swift; path = PIPEPAIR.swift; sourceTree = "<group>"; };
		EF2674A32F719EB60012916E /* GameScene.swift */ = {isa = PBXFileReference; lastKnownFileType = sourcecode.swift; path = GameScene.swift; sourceTree = "<group>"; };
/* End PBXFileReference section */

/* Begin PBXFrameworksBuildPhase section */
		EF2674752F7193510012916E /* Frameworks */ = {
			isa = PBXFrameworksBuildPhase;
			buildActionMask = 2147483647;
			files = (
			);
			runOnlyForDeploymentPostprocessing = 0;
		};
/* End PBXFrameworksBuildPhase section */

/* Begin PBXGroup section */
		EF26746F2F7193510012916E = {
			isa = PBXGroup;
			children = (
				EF26747A2F7193510012916E /* FlapyBrowt */,
				EF2674792F7193510012916E /* Products */,
			);
			sourceTree = "<group>";
		};
		EF2674792F7193510012916E /* Products */ = {
			isa = PBXGroup;
			children = (
				EF2674782F7193510012916E /* FlapyBrowt.app */,
			);
			name = Products;
			sourceTree = "<group>";
		};
		EF26747A2F7193510012916E /* FlapyBrowt */ = {
			isa = PBXGroup;
			children = (
				EF26747B2F7193510012916E /* FlapyBrowtApp.swift */,
				EF26748D2F7193710012916E /* viewModel */,
				EF26748C2F7193650012916E /* view */,
				EF26748B2F71935D0012916E /* model */,
				EF26747F2F7193540012916E /* Assets.xcassets */,
				EF2674842F7193540012916E /* Info.plist */,
				EF2674812F7193540012916E /* Preview Content */,
			);
			path = FlapyBrowt;
			sourceTree = "<group>";
		};
		EF2674812F7193540012916E /* Preview Content */ = {
			isa = PBXGroup;
			children = (
				EF2674822F7193540012916E /* Preview Assets.xcassets */,
			);
			path = "Preview Content";
			sourceTree = "<group>";
		};
		EF26748B2F71935D0012916E /* model */ = {
			isa = PBXGroup;
			children = (
				EF2674922F7194D80012916E /* Browt.swift */,
				EF2674982F7198650012916E /* Sprite.swift */,
				EF26749F2F719CCC0012916E /* PIPEPAIR.swift */,
				EF2674A32F719EB60012916E /* GameScene.swift */,
			);
			path = model;
			sourceTree = "<group>";
		};
		EF26748C2F7193650012916E /* view */ = {
			isa = PBXGroup;
			children = (
				EF26747D2F7193510012916E /* ContentView.swift */,
			);
			path = view;
			sourceTree = "<group>";
		};
		EF26748D2F7193710012916E /* viewModel */ = {
			isa = PBXGroup;
			children = (
				EF26748E2F7194B70012916E /* ViewModel.swift */,
			);
			path = viewModel;
			sourceTree = "<group>";
		};
/* End PBXGroup section */

/* Begin PBXNativeTarget section */
		EF2674772F7193510012916E /* FlapyBrowt */ = {
			isa = PBXNativeTarget;
			buildConfigurationList = EF2674872F7193540012916E /* Build configuration list for PBXNativeTarget "FlapyBrowt" */;
			buildPhases = (
				EF2674742F7193510012916E /* Sources */,
				EF2674752F7193510012916E /* Frameworks */,
				EF2674762F7193510012916E /* Resources */,
			);
			buildRules = (
			);
			dependencies = (
			);
			name = FlapyBrowt;
			productName = FlapyBrowt;
			productReference = EF2674782F7193510012916E /* FlapyBrowt.app */;
			productType = "com.apple.product-type.application";
		};
/* End PBXNativeTarget section */

/* Begin PBXProject section */
		EF2674702F7193510012916E /* Project object */ = {
			isa = PBXProject;
			attributes = {
				LastSwiftUpdateCheck = 1240;
				LastUpgradeCheck = 1240;
				TargetAttributes = {
					EF2674772F7193510012916E = {
						CreatedOnToolsVersion = 12.4;
					};
				};
			};
			buildConfigurationList = EF2674732F7193510012916E /* Build configuration list for PBXProject "FlapyBrowt" */;
			compatibilityVersion = "Xcode 9.3";
			developmentRegion = en;
			hasScannedForEncodings = 0;
			knownRegions = (
				en,
				Base,
			);
			mainGroup = EF26746F2F7193510012916E;
			productRefGroup = EF2674792F7193510012916E /* Products */;
			projectDirPath = "";
			projectRoot = "";
			targets = (
				EF2674772F7193510012916E /* FlapyBrowt */,
			);
		};
/* End PBXProject section */

/* Begin PBXResourcesBuildPhase section */
		EF2674762F7193510012916E /* Resources */ = {
			isa = PBXResourcesBuildPhase;
			buildActionMask = 2147483647;
			files = (
				EF2674832F7193540012916E /* Preview Assets.xcassets in Resources */,
				EF2674802F7193540012916E /* Assets.xcassets in Resources */,
			);
			runOnlyForDeploymentPostprocessing = 0;
		};
/* End PBXResourcesBuildPhase section */

/* Begin PBXSourcesBuildPhase section */
		EF2674742F7193510012916E /* Sources */ = {
			isa = PBXSourcesBuildPhase;
			buildActionMask = 2147483647;
			files = (
				EF2674932F7194D80012916E /* Browt.swift in Sources */,
				EF26747E2F7193510012916E /* ContentView.swift in Sources */,
				EF2674A02F719CCC0012916E /* PIPEPAIR.swift in Sources */,
				EF26748F2F7194B70012916E /* ViewModel.swift in Sources */,
				EF2674992F7198650012916E /* Sprite.swift in Sources */,
				EF2674A42F719EB60012916E /* GameScene.swift in Sources */,
				EF26747C2F7193510012916E /* FlapyBrowtApp.swift in Sources */,
			);
			runOnlyForDeploymentPostprocessing = 0;
		};
/* End PBXSourcesBuildPhase section */

/* Begin XCBuildConfiguration section */
		EF2674852F7193540012916E /* Debug */ = {
			isa = XCBuildConfiguration;
			buildSettings = {
				ALWAYS_SEARCH_USER_PATHS = NO;
				CLANG_ANALYZER_NONNULL = YES;
				CLANG_ANALYZER_NUMBER_OBJECT_CONVERSION = YES_AGGRESSIVE;
				CLANG_CXX_LANGUAGE_STANDARD = "gnu++14";
				CLANG_CXX_LIBRARY = "libc++";
				CLANG_ENABLE_MODULES = YES;
				CLANG_ENABLE_OBJC_ARC = YES;
				CLANG_ENABLE_OBJC_WEAK = YES;
				CLANG_WARN_BLOCK_CAPTURE_AUTORELEASING = YES;
				CLANG_WARN_BOOL_CONVERSION = YES;
				CLANG_WARN_COMMA = YES;
				CLANG_WARN_CONSTANT_CONVERSION = YES;
				CLANG_WARN_DEPRECATED_OBJC_IMPLEMENTATIONS = YES;
				CLANG_WARN_DIRECT_OBJC_ISA_USAGE = YES_ERROR;
				CLANG_WARN_DOCUMENTATION_COMMENTS = YES;
				CLANG_WARN_EMPTY_BODY = YES;
				CLANG_WARN_ENUM_CONVERSION = YES;
				CLANG_WARN_INFINITE_RECURSION = YES;
				CLANG_WARN_INT_CONVERSION = YES;
				CLANG_WARN_NON_LITERAL_NULL_CONVERSION = YES;
				CLANG_WARN_OBJC_IMPLICIT_RETAIN_SELF = YES;
				CLANG_WARN_OBJC_LITERAL_CONVERSION = YES;
				CLANG_WARN_OBJC_ROOT_CLASS = YES_ERROR;
				CLANG_WARN_QUOTED_INCLUDE_IN_FRAMEWORK_HEADER = YES;
				CLANG_WARN_RANGE_LOOP_ANALYSIS = YES;
				CLANG_WARN_STRICT_PROTOTYPES = YES;
				CLANG_WARN_SUSPICIOUS_MOVE = YES;
				CLANG_WARN_UNGUARDED_AVAILABILITY = YES_AGGRESSIVE;
				CLANG_WARN_UNREACHABLE_CODE = YES;
				CLANG_WARN__DUPLICATE_METHOD_MATCH = YES;
				COPY_PHASE_STRIP = NO;
				DEBUG_INFORMATION_FORMAT = dwarf;
				ENABLE_STRICT_OBJC_MSGSEND = YES;
				ENABLE_TESTABILITY = YES;
				GCC_C_LANGUAGE_STANDARD = gnu11;
				GCC_DYNAMIC_NO_PIC = NO;
				GCC_NO_COMMON_BLOCKS = YES;
				GCC_OPTIMIZATION_LEVEL = 0;
				GCC_PREPROCESSOR_DEFINITIONS = (
					"DEBUG=1",
					"$(inherited)",
				);
				GCC_WARN_64_TO_32_BIT_CONVERSION = YES;
				GCC_WARN_ABOUT_RETURN_TYPE = YES_ERROR;
				GCC_WARN_UNDECLARED_SELECTOR = YES;
				GCC_WARN_UNINITIALIZED_AUTOS = YES_AGGRESSIVE;
				GCC_WARN_UNUSED_FUNCTION = YES;
				GCC_WARN_UNUSED_VARIABLE = YES;
				IPHONEOS_DEPLOYMENT_TARGET = 14.4;
				MTL_ENABLE_DEBUG_INFO = INCLUDE_SOURCE;
				MTL_FAST_MATH = YES;
				ONLY_ACTIVE_ARCH = YES;
				SDKROOT = iphoneos;
				SWIFT_ACTIVE_COMPILATION_CONDITIONS = DEBUG;
				SWIFT_OPTIMIZATION_LEVEL = "-Onone";
			};
			name = Debug;
		};
		EF2674862F7193540012916E /* Release */ = {
			isa = XCBuildConfiguration;
			buildSettings = {
				ALWAYS_SEARCH_USER_PATHS = NO;
				CLANG_ANALYZER_NONNULL = YES;
				CLANG_ANALYZER_NUMBER_OBJECT_CONVERSION = YES_AGGRESSIVE;
				CLANG_CXX_LANGUAGE_STANDARD = "gnu++14";
				CLANG_CXX_LIBRARY = "libc++";
				CLANG_ENABLE_MODULES = YES;
				CLANG_ENABLE_OBJC_ARC = YES;
				CLANG_ENABLE_OBJC_WEAK = YES;
				CLANG_WARN_BLOCK_CAPTURE_AUTORELEASING = YES;
				CLANG_WARN_BOOL_CONVERSION = YES;
				CLANG_WARN_COMMA = YES;
				CLANG_WARN_CONSTANT_CONVERSION = YES;
				CLANG_WARN_DEPRECATED_OBJC_IMPLEMENTATIONS = YES;
				CLANG_WARN_DIRECT_OBJC_ISA_USAGE = YES_ERROR;
				CLANG_WARN_DOCUMENTATION_COMMENTS = YES;
				CLANG_WARN_EMPTY_BODY = YES;
				CLANG_WARN_ENUM_CONVERSION = YES;
				CLANG_WARN_INFINITE_RECURSION = YES;
				CLANG_WARN_INT_CONVERSION = YES;
				CLANG_WARN_NON_LITERAL_NULL_CONVERSION = YES;
				CLANG_WARN_OBJC_IMPLICIT_RETAIN_SELF = YES;
				CLANG_WARN_OBJC_LITERAL_CONVERSION = YES;
				CLANG_WARN_OBJC_ROOT_CLASS = YES_ERROR;
				CLANG_WARN_QUOTED_INCLUDE_IN_FRAMEWORK_HEADER = YES;
				CLANG_WARN_RANGE_LOOP_ANALYSIS = YES;
				CLANG_WARN_STRICT_PROTOTYPES = YES;
				CLANG_WARN_SUSPICIOUS_MOVE = YES;
				CLANG_WARN_UNGUARDED_AVAILABILITY = YES_AGGRESSIVE;
				CLANG_WARN_UNREACHABLE_CODE = YES;
				CLANG_WARN__DUPLICATE_METHOD_MATCH = YES;
				COPY_PHASE_STRIP = NO;
				DEBUG_INFORMATION_FORMAT = "dwarf-with-dsym";
				ENABLE_NS_ASSERTIONS = NO;
				ENABLE_STRICT_OBJC_MSGSEND = YES;
				GCC_C_LANGUAGE_STANDARD = gnu11;
				GCC_NO_COMMON_BLOCKS = YES;
				GCC_WARN_64_TO_32_BIT_CONVERSION = YES;
				GCC_WARN_ABOUT_RETURN_TYPE = YES_ERROR;
				GCC_WARN_UNDECLARED_SELECTOR = YES;
				GCC_WARN_UNINITIALIZED_AUTOS = YES_AGGRESSIVE;
				GCC_WARN_UNUSED_FUNCTION = YES;
				GCC_WARN_UNUSED_VARIABLE = YES;
				IPHONEOS_DEPLOYMENT_TARGET = 14.4;
				MTL_ENABLE_DEBUG_INFO = NO;
				MTL_FAST_MATH = YES;
				SDKROOT = iphoneos;
				SWIFT_COMPILATION_MODE = wholemodule;
				SWIFT_OPTIMIZATION_LEVEL = "-O";
				VALIDATE_PRODUCT = YES;
			};
			name = Release;
		};
		EF2674882F7193540012916E /* Debug */ = {
			isa = XCBuildConfiguration;
			buildSettings = {
				ASSETCATALOG_COMPILER_APPICON_NAME = AppIcon;
				ASSETCATALOG_COMPILER_GLOBAL_ACCENT_COLOR_NAME = AccentColor;
				CODE_SIGN_STYLE = Automatic;
				DEVELOPMENT_ASSET_PATHS = "\"FlapyBrowt/Preview Content\"";
				ENABLE_PREVIEWS = YES;
				INFOPLIST_FILE = FlapyBrowt/Info.plist;
				IPHONEOS_DEPLOYMENT_TARGET = 14.0;
				LD_RUNPATH_SEARCH_PATHS = (
					"$(inherited)",
					"@executable_path/Frameworks",
				);
				PRODUCT_BUNDLE_IDENTIFIER = lasalle.edu.FlapyBrowt;
				PRODUCT_NAME = "$(TARGET_NAME)";
				SWIFT_VERSION = 5.0;
				TARGETED_DEVICE_FAMILY = "1,2";
			};
			name = Debug;
		};
		EF2674892F7193540012916E /* Release */ = {
			isa = XCBuildConfiguration;
			buildSettings = {
				ASSETCATALOG_COMPILER_APPICON_NAME = AppIcon;
				ASSETCATALOG_COMPILER_GLOBAL_ACCENT_COLOR_NAME = AccentColor;
				CODE_SIGN_STYLE = Automatic;
				DEVELOPMENT_ASSET_PATHS = "\"FlapyBrowt/Preview Content\"";
				ENABLE_PREVIEWS = YES;
				INFOPLIST_FILE = FlapyBrowt/Info.plist;
				IPHONEOS_DEPLOYMENT_TARGET = 14.0;
				LD_RUNPATH_SEARCH_PATHS = (
					"$(inherited)",
					"@executable_path/Frameworks",
				);
				PRODUCT_BUNDLE_IDENTIFIER = lasalle.edu.FlapyBrowt;
				PRODUCT_NAME = "$(TARGET_NAME)";
				SWIFT_VERSION = 5.0;
				TARGETED_DEVICE_FAMILY = "1,2";
			};
			name = Release;
		};
/* End XCBuildConfiguration section */

/* Begin XCConfigurationList section */
		EF2674732F7193510012916E /* Build configuration list for PBXProject "FlapyBrowt" */ = {
			isa = XCConfigurationList;
			buildConfigurations = (
				EF2674852F7193540012916E /* Debug */,
				EF2674862F7193540012916E /* Release */,
			);
			defaultConfigurationIsVisible = 0;
			defaultConfigurationName = Release;
		};
		EF2674872F7193540012916E /* Build configuration list for PBXNativeTarget "FlapyBrowt" */ = {
			isa = XCConfigurationList;
			buildConfigurations = (
				EF2674882F7193540012916E /* Debug */,
				EF2674892F7193540012916E /* Release */,
			);
			defaultConfigurationIsVisible = 0;
			defaultConfigurationName = Release;
		};
/* End XCConfigurationList section */
	};
	rootObject = EF2674702F7193510012916E /* Project object */;
}
